
Microsoft Visual Studio Solution File, Format Version 12.00
# Visual Studio Version 16
VisualStudioVersion = 16.0.31129.286
MinimumVisualStudioVersion = 10.0.40219.1
Project("{FAE04EC0-301F-11D3-BF4B-00C04F79EFBC}") = "SmartCityKyiv", "SmartCityKyiv.csproj", "{2A952991-4B6B-4FEE-99E0-FBB7899766B3}"
EndProject
Global
	GlobalSection(SolutionConfigurationPlatforms) = preSolution
		Debug|Any CPU = Debug|Any CPU
		Release|Any CPU = Release|Any CPU
	EndGlobalSection
	GlobalSection(ProjectConfigurationPlatforms) = postSolution
		{2A952991-4B6B-4FEE-99E0-FBB7899766B3}.Debug|Any CPU.ActiveCfg = Debug|Any CPU
		{2A952991-4B6B-4FEE-99E0-FBB7899766B3}.Debug|Any CPU.Build.0 = Debug|Any CPU
		{2A952991-4B6B-4FEE-99E0-FBB7899766B3}.Release|Any CPU.ActiveCfg = Release|Any CPU
		{2A952991-4B6B-4FEE-99E0-FBB7899766B3}.Release|Any CPU.Build.0 = Release|Any CPU
	EndGlobalSection
	GlobalSection(SolutionProperties) = preSolution
		HideSolutionNode = FALSE
	EndGlobalSection
	GlobalSection(ExtensibilityGlobals) = postSolution
		SolutionGuid = {59FF9885-C8F3-4CA3-9D56-D134B14071A7}
	EndGlobalSection
EndGlobal
